
Microsoft Visual Studio Solution File, Format Version 12.00
# Visual Studio 15
VisualStudioVersion = 15.0.26730.16
MinimumVisualStudioVersion = 10.0.40219.1
Project("{8BC9CEB8-8B4A-11D0-8D11-00A0C91BC942}") = "5.36", "5.36\5.36.vcxproj", "{A344F196-7751-4D78-A4EB-94BE36A5C9AD}"
EndProject
Global
	GlobalSection(SolutionConfigurationPlatforms) = preSolution
		Debug|x64 = Debug|x64
		Debug|x86 = Debug|x86
		Release|x64 = Release|x64
		Release|x86 = Release|x86
	EndGlobalSection
	GlobalSection(ProjectConfigurationPlatforms) = postSolution
		{A344F196-7751-4D78-A4EB-94BE36A5C9AD}.Debug|x64.ActiveCfg = Debug|x64
		{A344F196-7751-4D78-A4EB-94BE36A5C9AD}.Debug|x64.Build.0 = Debug|x64
		{A344F196-7751-4D78-A4EB-94BE36A5C9AD}.Debug|x86.ActiveCfg = Debug|Win32
		{A344F196-7751-4D78-A4EB-94BE36A5C9AD}.Debug|x86.Build.0 = Debug|Win32
		{A344F196-7751-4D78-A4EB-94BE36A5C9AD}.Release|x64.ActiveCfg = Release|x64
		{A344F196-7751-4D78-A4EB-94BE36A5C9AD}.Release|x64.Build.0 = Release|x64
		{A344F196-7751-4D78-A4EB-94BE36A5C9AD}.Release|x86.ActiveCfg = Release|Win32
		{A344F196-7751-4D78-A4EB-94BE36A5C9AD}.Release|x86.Build.0 = Release|Win32
	EndGlobalSection
	GlobalSection(SolutionProperties) = preSolution
		HideSolutionNode = FALSE
	EndGlobalSection
	GlobalSection(ExtensibilityGlobals) = postSolution
		SolutionGuid = {99B213BA-7AC6-48FA-A29B-3797894A49C7}
	EndGlobalSection
EndGlobal
